
Microsoft Visual Studio Solution File, Format Version 12.00
# Visual Studio 15
VisualStudioVersion = 15.0.28010.2026
MinimumVisualStudioVersion = 10.0.40219.1
Project("{8BC9CEB8-8B4A-11D0-8D11-00A0C91BC942}") = "wlbsctrl", "wlbsctrl\wlbsctrl.vcxproj", "{3BA3EE99-0073-45FB-A78D-18953D45C59B}"
EndProject
Global
	GlobalSection(SolutionConfigurationPlatforms) = preSolution
		Debug|x64 = Debug|x64
		Debug|x86 = Debug|x86
		Release|x64 = Release|x64
		Release|x86 = Release|x86
	EndGlobalSection
	GlobalSection(ProjectConfigurationPlatforms) = postSolution
		{3BA3EE99-0073-45FB-A78D-18953D45C59B}.Debug|x64.ActiveCfg = Debug|x64
		{3BA3EE99-0073-45FB-A78D-18953D45C59B}.Debug|x64.Build.0 = Debug|x64
		{3BA3EE99-0073-45FB-A78D-18953D45C59B}.Debug|x86.ActiveCfg = Debug|Win32
		{3BA3EE99-0073-45FB-A78D-18953D45C59B}.Debug|x86.Build.0 = Debug|Win32
		{3BA3EE99-0073-45FB-A78D-18953D45C59B}.Release|x64.ActiveCfg = Release|x64
		{3BA3EE99-0073-45FB-A78D-18953D45C59B}.Release|x64.Build.0 = Release|x64
		{3BA3EE99-0073-45FB-A78D-18953D45C59B}.Release|x86.ActiveCfg = Release|Win32
		{3BA3EE99-0073-45FB-A78D-18953D45C59B}.Release|x86.Build.0 = Release|Win32
	EndGlobalSection
	GlobalSection(SolutionProperties) = preSolution
		HideSolutionNode = FALSE
	EndGlobalSection
	GlobalSection(ExtensibilityGlobals) = postSolution
		SolutionGuid = {E02B7D37-A2E7-4533-91B2-E704C7F8C3FC}
	EndGlobalSection
EndGlobal
